
Microsoft Visual Studio Solution File, Format Version 12.00
# Visual Studio 15
VisualStudioVersion = 15.0.26228.9
MinimumVisualStudioVersion = 10.0.40219.1
Project("{FAE04EC0-301F-11D3-BF4B-00C04F79EFBC}") = "TransportApp", "TransportApp\TransportApp.csproj", "{54DD4164-F208-4761-9A99-BE3A13921F3C}"
EndProject
Project("{FAE04EC0-301F-11D3-BF4B-00C04F79EFBC}") = "TransportApp.Tests", "TransportApp.Tests\TransportApp.Tests.csproj", "{FC7995BE-2EA3-4417-AD97-F2C058E45A56}"
EndProject
Global
	GlobalSection(SolutionConfigurationPlatforms) = preSolution
		Debug|Any CPU = Debug|Any CPU
		Release|Any CPU = Release|Any CPU
	EndGlobalSection
	GlobalSection(ProjectConfigurationPlatforms) = postSolution
		{54DD4164-F208-4761-9A99-BE3A13921F3C}.Debug|Any CPU.ActiveCfg = Debug|Any CPU
		{54DD4164-F208-4761-9A99-BE3A13921F3C}.Debug|Any CPU.Build.0 = Debug|Any CPU
		{54DD4164-F208-4761-9A99-BE3A13921F3C}.Release|Any CPU.ActiveCfg = Release|Any CPU
		{54DD4164-F208-4761-9A99-BE3A13921F3C}.Release|Any CPU.Build.0 = Release|Any CPU
		{FC7995BE-2EA3-4417-AD97-F2C058E45A56}.Debug|Any CPU.ActiveCfg = Debug|Any CPU
		{FC7995BE-2EA3-4417-AD97-F2C058E45A56}.Debug|Any CPU.Build.0 = Debug|Any CPU
		{FC7995BE-2EA3-4417-AD97-F2C058E45A56}.Release|Any CPU.ActiveCfg = Release|Any CPU
		{FC7995BE-2EA3-4417-AD97-F2C058E45A56}.Release|Any CPU.Build.0 = Release|Any CPU
	EndGlobalSection
	GlobalSection(SolutionProperties) = preSolution
		HideSolutionNode = FALSE
	EndGlobalSection
EndGlobal
